
Microsoft Visual Studio Solution File, Format Version 12.00
# Visual Studio Version 16
VisualStudioVersion = 16.0.29728.190
MinimumVisualStudioVersion = 10.0.40219.1
Project("{9A19103F-16F7-4668-BE54-9A1E7A4F7556}") = "ForLoops", "ForLoops\ForLoops.csproj", "{0C60C432-FD6D-46D3-93D0-9752043F0186}"
EndProject
Project("{9A19103F-16F7-4668-BE54-9A1E7A4F7556}") = "DoWhile", "DoWhile\DoWhile.csproj", "{F9BDE025-0F48-4F60-A24D-D9CB1E94878C}"
EndProject
Project("{FAE04EC0-301F-11D3-BF4B-00C04F79EFBC}") = "WhileLoops", "WhileLoops\WhileLoops.csproj", "{A5916DC2-5E1A-4968-8573-EDFD944118E1}"
EndProject
Global
	GlobalSection(SolutionConfigurationPlatforms) = preSolution
		Debug|Any CPU = Debug|Any CPU
		Release|Any CPU = Release|Any CPU
	EndGlobalSection
	GlobalSection(ProjectConfigurationPlatforms) = postSolution
		{0C60C432-FD6D-46D3-93D0-9752043F0186}.Debug|Any CPU.ActiveCfg = Debug|Any CPU
		{0C60C432-FD6D-46D3-93D0-9752043F0186}.Debug|Any CPU.Build.0 = Debug|Any CPU
		{0C60C432-FD6D-46D3-93D0-9752043F0186}.Release|Any CPU.ActiveCfg = Release|Any CPU
		{0C60C432-FD6D-46D3-93D0-9752043F0186}.Release|Any CPU.Build.0 = Release|Any CPU
		{F9BDE025-0F48-4F60-A24D-D9CB1E94878C}.Debug|Any CPU.ActiveCfg = Debug|Any CPU
		{F9BDE025-0F48-4F60-A24D-D9CB1E94878C}.Debug|Any CPU.Build.0 = Debug|Any CPU
		{F9BDE025-0F48-4F60-A24D-D9CB1E94878C}.Release|Any CPU.ActiveCfg = Release|Any CPU
		{F9BDE025-0F48-4F60-A24D-D9CB1E94878C}.Release|Any CPU.Build.0 = Release|Any CPU
		{A5916DC2-5E1A-4968-8573-EDFD944118E1}.Debug|Any CPU.ActiveCfg = Debug|Any CPU
		{A5916DC2-5E1A-4968-8573-EDFD944118E1}.Debug|Any CPU.Build.0 = Debug|Any CPU
		{A5916DC2-5E1A-4968-8573-EDFD944118E1}.Release|Any CPU.ActiveCfg = Release|Any CPU
		{A5916DC2-5E1A-4968-8573-EDFD944118E1}.Release|Any CPU.Build.0 = Release|Any CPU
	EndGlobalSection
	GlobalSection(SolutionProperties) = preSolution
		HideSolutionNode = FALSE
	EndGlobalSection
	GlobalSection(ExtensibilityGlobals) = postSolution
		SolutionGuid = {8B67BEEB-430A-4715-802A-FF5B18EF9926}
	EndGlobalSection
EndGlobal
