
Microsoft Visual Studio Solution File, Format Version 12.00
# Visual Studio Version 16
VisualStudioVersion = 16.0.29728.190
MinimumVisualStudioVersion = 10.0.40219.1
Project("{FAE04EC0-301F-11D3-BF4B-00C04F79EFBC}") = "AbstractClasses", "AbstractClasses\AbstractClasses.csproj", "{59557326-373A-4B93-B468-660092DC8819}"
EndProject
Project("{FAE04EC0-301F-11D3-BF4B-00C04F79EFBC}") = "Interfaces", "Interfaces\Interfaces.csproj", "{C7E1ED06-EFDB-4FE6-9404-66EEAEA8A8B1}"
EndProject
Project("{FAE04EC0-301F-11D3-BF4B-00C04F79EFBC}") = "Exercise1", "Exercise1\Exercise1.csproj", "{BB9314FC-327C-4E62-A8BE-A5B2BD5BD567}"
EndProject
Global
	GlobalSection(SolutionConfigurationPlatforms) = preSolution
		Debug|Any CPU = Debug|Any CPU
		Release|Any CPU = Release|Any CPU
	EndGlobalSection
	GlobalSection(ProjectConfigurationPlatforms) = postSolution
		{59557326-373A-4B93-B468-660092DC8819}.Debug|Any CPU.ActiveCfg = Debug|Any CPU
		{59557326-373A-4B93-B468-660092DC8819}.Debug|Any CPU.Build.0 = Debug|Any CPU
		{59557326-373A-4B93-B468-660092DC8819}.Release|Any CPU.ActiveCfg = Release|Any CPU
		{59557326-373A-4B93-B468-660092DC8819}.Release|Any CPU.Build.0 = Release|Any CPU
		{C7E1ED06-EFDB-4FE6-9404-66EEAEA8A8B1}.Debug|Any CPU.ActiveCfg = Debug|Any CPU
		{C7E1ED06-EFDB-4FE6-9404-66EEAEA8A8B1}.Debug|Any CPU.Build.0 = Debug|Any CPU
		{C7E1ED06-EFDB-4FE6-9404-66EEAEA8A8B1}.Release|Any CPU.ActiveCfg = Release|Any CPU
		{C7E1ED06-EFDB-4FE6-9404-66EEAEA8A8B1}.Release|Any CPU.Build.0 = Release|Any CPU
		{BB9314FC-327C-4E62-A8BE-A5B2BD5BD567}.Debug|Any CPU.ActiveCfg = Debug|Any CPU
		{BB9314FC-327C-4E62-A8BE-A5B2BD5BD567}.Debug|Any CPU.Build.0 = Debug|Any CPU
		{BB9314FC-327C-4E62-A8BE-A5B2BD5BD567}.Release|Any CPU.ActiveCfg = Release|Any CPU
		{BB9314FC-327C-4E62-A8BE-A5B2BD5BD567}.Release|Any CPU.Build.0 = Release|Any CPU
	EndGlobalSection
	GlobalSection(SolutionProperties) = preSolution
		HideSolutionNode = FALSE
	EndGlobalSection
	GlobalSection(ExtensibilityGlobals) = postSolution
		SolutionGuid = {EBC6C305-B94C-434F-86CB-D4A4990BFA42}
	EndGlobalSection
EndGlobal
